
Microsoft Visual Studio Solution File, Format Version 12.00
# Visual Studio Version 17
VisualStudioVersion = 17.9.34622.214
MinimumVisualStudioVersion = 10.0.40219.1
Project("{2150E333-8FDC-42A3-9474-1A3956D46DE8}") = "src", "src", "{B6544DE1-A42E-43E3-AA3D-00BE96CE3A1C}"
EndProject
Project("{2150E333-8FDC-42A3-9474-1A3956D46DE8}") = "asagiv.Domain", "asagiv.Domain", "{E1F908E8-3172-4FB6-9819-6533AFE4BFC9}"
EndProject
Project("{FAE04EC0-301F-11D3-BF4B-00C04F79EFBC}") = "asagiv.Domain.Core", "src\asagiv.Domain\asagiv.Domain.Core\asagiv.Domain.Core.csproj", "{9FC625B5-A6A2-4718-BFBE-3B4CCF958E0F}"
EndProject
Project("{2150E333-8FDC-42A3-9474-1A3956D46DE8}") = "asagiv.Appl", "asagiv.Appl", "{50D37D07-9AB3-40BF-AC02-EEF5ABE38583}"
EndProject
Project("{FAE04EC0-301F-11D3-BF4B-00C04F79EFBC}") = "asagiv.Appl.Core", "src\asagiv.Appl\asagiv.Appl.Core\asagiv.Appl.Core.csproj", "{72D0077D-F92E-4FA4-B71F-F29AB30C8887}"
EndProject
Global
	GlobalSection(SolutionConfigurationPlatforms) = preSolution
		Debug|Any CPU = Debug|Any CPU
		Release|Any CPU = Release|Any CPU
	EndGlobalSection
	GlobalSection(ProjectConfigurationPlatforms) = postSolution
		{9FC625B5-A6A2-4718-BFBE-3B4CCF958E0F}.Debug|Any CPU.ActiveCfg = Debug|Any CPU
		{9FC625B5-A6A2-4718-BFBE-3B4CCF958E0F}.Debug|Any CPU.Build.0 = Debug|Any CPU
		{9FC625B5-A6A2-4718-BFBE-3B4CCF958E0F}.Release|Any CPU.ActiveCfg = Release|Any CPU
		{9FC625B5-A6A2-4718-BFBE-3B4CCF958E0F}.Release|Any CPU.Build.0 = Release|Any CPU
		{72D0077D-F92E-4FA4-B71F-F29AB30C8887}.Debug|Any CPU.ActiveCfg = Debug|Any CPU
		{72D0077D-F92E-4FA4-B71F-F29AB30C8887}.Debug|Any CPU.Build.0 = Debug|Any CPU
		{72D0077D-F92E-4FA4-B71F-F29AB30C8887}.Release|Any CPU.ActiveCfg = Release|Any CPU
		{72D0077D-F92E-4FA4-B71F-F29AB30C8887}.Release|Any CPU.Build.0 = Release|Any CPU
	EndGlobalSection
	GlobalSection(SolutionProperties) = preSolution
		HideSolutionNode = FALSE
	EndGlobalSection
	GlobalSection(NestedProjects) = preSolution
		{E1F908E8-3172-4FB6-9819-6533AFE4BFC9} = {B6544DE1-A42E-43E3-AA3D-00BE96CE3A1C}
		{9FC625B5-A6A2-4718-BFBE-3B4CCF958E0F} = {E1F908E8-3172-4FB6-9819-6533AFE4BFC9}
		{50D37D07-9AB3-40BF-AC02-EEF5ABE38583} = {B6544DE1-A42E-43E3-AA3D-00BE96CE3A1C}
		{72D0077D-F92E-4FA4-B71F-F29AB30C8887} = {50D37D07-9AB3-40BF-AC02-EEF5ABE38583}
	EndGlobalSection
	GlobalSection(ExtensibilityGlobals) = postSolution
		SolutionGuid = {AF96EFB0-5476-454F-8B9F-8F2D22862C63}
	EndGlobalSection
EndGlobal
